
Microsoft Visual Studio Solution File, Format Version 12.00
# Visual Studio Version 17
VisualStudioVersion = 17.12.35527.113
MinimumVisualStudioVersion = 10.0.40219.1
Project("{2150E333-8FDC-42A3-9474-1A3956D46DE8}") = "Web", "Web", "{B397EEE0-C346-481C-A872-A36C0B7E0FF1}"
EndProject
Project("{2150E333-8FDC-42A3-9474-1A3956D46DE8}") = "Service", "Service", "{F46B86CB-07A6-4C04-A038-C40A192180F2}"
EndProject
Project("{2150E333-8FDC-42A3-9474-1A3956D46DE8}") = "Data", "Data", "{7046D4FF-65C0-444F-B04A-633B1D147B15}"
EndProject
Project("{FAE04EC0-301F-11D3-BF4B-00C04F79EFBC}") = "VWForum.Web", "Web\VWForum.Web\VWForum.Web.csproj", "{1DC608F6-46AC-48C5-A03F-121BC9CCC4CD}"
EndProject
Project("{FAE04EC0-301F-11D3-BF4B-00C04F79EFBC}") = "VWForum.Data", "Data\VWForum.Data\VWForum.Data.csproj", "{618A295A-A722-4C2E-8A32-26E08CCE6A3F}"
EndProject
Project("{FAE04EC0-301F-11D3-BF4B-00C04F79EFBC}") = "VWForum.Service.Models", "Service\VWForum.Service.Models\VWForum.Service.Models.csproj", "{F2E62CDE-0918-4312-B7DA-225DDCCB9A8A}"
EndProject
Project("{FAE04EC0-301F-11D3-BF4B-00C04F79EFBC}") = "VWForum.Service", "Service\VWForum.Service\VWForum.Service.csproj", "{E74A31AC-0EBE-490E-92E3-4AFEF20120C2}"
EndProject
Project("{FAE04EC0-301F-11D3-BF4B-00C04F79EFBC}") = "VWForum.Data.Models", "Data\VWForum.Data.Models\VWForum.Data.Models.csproj", "{DEF18EEF-E858-45C5-AF4F-ADC41FDD37E0}"
EndProject
Project("{FAE04EC0-301F-11D3-BF4B-00C04F79EFBC}") = "VWForum.Web.Models", "Web\VWForum.Web.Models\VWForum.Web.Models.csproj", "{772D646F-2EB1-4603-A045-B64B467ED0E4}"
EndProject
Global
	GlobalSection(SolutionConfigurationPlatforms) = preSolution
		Debug|Any CPU = Debug|Any CPU
		Release|Any CPU = Release|Any CPU
	EndGlobalSection
	GlobalSection(ProjectConfigurationPlatforms) = postSolution
		{1DC608F6-46AC-48C5-A03F-121BC9CCC4CD}.Debug|Any CPU.ActiveCfg = Debug|Any CPU
		{1DC608F6-46AC-48C5-A03F-121BC9CCC4CD}.Debug|Any CPU.Build.0 = Debug|Any CPU
		{1DC608F6-46AC-48C5-A03F-121BC9CCC4CD}.Release|Any CPU.ActiveCfg = Release|Any CPU
		{1DC608F6-46AC-48C5-A03F-121BC9CCC4CD}.Release|Any CPU.Build.0 = Release|Any CPU
		{618A295A-A722-4C2E-8A32-26E08CCE6A3F}.Debug|Any CPU.ActiveCfg = Debug|Any CPU
		{618A295A-A722-4C2E-8A32-26E08CCE6A3F}.Debug|Any CPU.Build.0 = Debug|Any CPU
		{618A295A-A722-4C2E-8A32-26E08CCE6A3F}.Release|Any CPU.ActiveCfg = Release|Any CPU
		{618A295A-A722-4C2E-8A32-26E08CCE6A3F}.Release|Any CPU.Build.0 = Release|Any CPU
		{F2E62CDE-0918-4312-B7DA-225DDCCB9A8A}.Debug|Any CPU.ActiveCfg = Debug|Any CPU
		{F2E62CDE-0918-4312-B7DA-225DDCCB9A8A}.Debug|Any CPU.Build.0 = Debug|Any CPU
		{F2E62CDE-0918-4312-B7DA-225DDCCB9A8A}.Release|Any CPU.ActiveCfg = Release|Any CPU
		{F2E62CDE-0918-4312-B7DA-225DDCCB9A8A}.Release|Any CPU.Build.0 = Release|Any CPU
		{E74A31AC-0EBE-490E-92E3-4AFEF20120C2}.Debug|Any CPU.ActiveCfg = Debug|Any CPU
		{E74A31AC-0EBE-490E-92E3-4AFEF20120C2}.Debug|Any CPU.Build.0 = Debug|Any CPU
		{E74A31AC-0EBE-490E-92E3-4AFEF20120C2}.Release|Any CPU.ActiveCfg = Release|Any CPU
		{E74A31AC-0EBE-490E-92E3-4AFEF20120C2}.Release|Any CPU.Build.0 = Release|Any CPU
		{DEF18EEF-E858-45C5-AF4F-ADC41FDD37E0}.Debug|Any CPU.ActiveCfg = Debug|Any CPU
		{DEF18EEF-E858-45C5-AF4F-ADC41FDD37E0}.Debug|Any CPU.Build.0 = Debug|Any CPU
		{DEF18EEF-E858-45C5-AF4F-ADC41FDD37E0}.Release|Any CPU.ActiveCfg = Release|Any CPU
		{DEF18EEF-E858-45C5-AF4F-ADC41FDD37E0}.Release|Any CPU.Build.0 = Release|Any CPU
		{772D646F-2EB1-4603-A045-B64B467ED0E4}.Debug|Any CPU.ActiveCfg = Debug|Any CPU
		{772D646F-2EB1-4603-A045-B64B467ED0E4}.Debug|Any CPU.Build.0 = Debug|Any CPU
		{772D646F-2EB1-4603-A045-B64B467ED0E4}.Release|Any CPU.ActiveCfg = Release|Any CPU
		{772D646F-2EB1-4603-A045-B64B467ED0E4}.Release|Any CPU.Build.0 = Release|Any CPU
	EndGlobalSection
	GlobalSection(SolutionProperties) = preSolution
		HideSolutionNode = FALSE
	EndGlobalSection
	GlobalSection(NestedProjects) = preSolution
		{1DC608F6-46AC-48C5-A03F-121BC9CCC4CD} = {B397EEE0-C346-481C-A872-A36C0B7E0FF1}
		{618A295A-A722-4C2E-8A32-26E08CCE6A3F} = {7046D4FF-65C0-444F-B04A-633B1D147B15}
		{F2E62CDE-0918-4312-B7DA-225DDCCB9A8A} = {F46B86CB-07A6-4C04-A038-C40A192180F2}
		{E74A31AC-0EBE-490E-92E3-4AFEF20120C2} = {F46B86CB-07A6-4C04-A038-C40A192180F2}
		{DEF18EEF-E858-45C5-AF4F-ADC41FDD37E0} = {7046D4FF-65C0-444F-B04A-633B1D147B15}
		{772D646F-2EB1-4603-A045-B64B467ED0E4} = {B397EEE0-C346-481C-A872-A36C0B7E0FF1}
	EndGlobalSection
EndGlobal
